// !$*UTF8*$!
{
	archiveVersion = 1;
	classes = {
	};
	objectVersion = 50;
	objects = {

/* Begin PBXBuildFile section */
		1C52702B22ADDB7600E71976 /* AppDelegate.swift in Sources */ = {isa = PBXBuildFile; fileRef = 1C52702A22ADDB7600E71976 /* AppDelegate.swift */; };
		1C52702D22ADDB7600E71976 /* ViewController.swift in Sources */ = {isa = PBXBuildFile; fileRef = 1C52702C22ADDB7600E71976 /* ViewController.swift */; };
		1C52703022ADDB7600E71976 /* Main.storyboard in Resources */ = {isa = PBXBuildFile; fileRef = 1C52702E22ADDB7600E71976 /* Main.storyboard */; };
		1C52703222ADDB7700E71976 /* Assets.xcassets in Resources */ = {isa = PBXBuildFile; fileRef = 1C52703122ADDB7700E71976 /* Assets.xcassets */; };
		1C52703522ADDB7700E71976 /* LaunchScreen.storyboard in Resources */ = {isa = PBXBuildFile; fileRef = 1C52703322ADDB7700E71976 /* LaunchScreen.storyboard */; };
		1C52704022ADDB7700E71976 /* OSCSenderTests.swift in Sources */ = {isa = PBXBuildFile; fileRef = 1C52703F22ADDB7700E71976 /* OSCSenderTests.swift */; };
		1C52704B22ADDB7700E71976 /* OSCSenderUITests.swift in Sources */ = {isa = PBXBuildFile; fileRef = 1C52704A22ADDB7700E71976 /* OSCSenderUITests.swift */; };
		1C52708E22ADDBD800E71976 /* F53OSCPacket.m in Sources */ = {isa = PBXBuildFile; fileRef = 1C52705A22ADDBD800E71976 /* F53OSCPacket.m */; };
		1C52708F22ADDBD800E71976 /* GCDAsyncUdpSocket.m in Sources */ = {isa = PBXBuildFile; fileRef = 1C52705B22ADDBD800E71976 /* GCDAsyncUdpSocket.m */; };
		1C52709022ADDBD800E71976 /* GCDAsyncSocket.m in Sources */ = {isa = PBXBuildFile; fileRef = 1C52705E22ADDBD800E71976 /* GCDAsyncSocket.m */; };
		1C52709122ADDBD800E71976 /* F53OSCServer.m in Sources */ = {isa = PBXBuildFile; fileRef = 1C52706322ADDBD800E71976 /* F53OSCServer.m */; };
		1C52709222ADDBD800E71976 /* NSNumber+F53OSCNumber.m in Sources */ = {isa = PBXBuildFile; fileRef = 1C52706422ADDBD800E71976 /* NSNumber+F53OSCNumber.m */; };
		1C52709322ADDBD800E71976 /* F53OSCSocket.m in Sources */ = {isa = PBXBuildFile; fileRef = 1C52706522ADDBD800E71976 /* F53OSCSocket.m */; };
		1C52709422ADDBD800E71976 /* NSString+F53OSCString.m in Sources */ = {isa = PBXBuildFile; fileRef = 1C52706922ADDBD800E71976 /* NSString+F53OSCString.m */; };
		1C52709522ADDBD800E71976 /* F53OSCClient.m in Sources */ = {isa = PBXBuildFile; fileRef = 1C52706C22ADDBD800E71976 /* F53OSCClient.m */; };
		1C52709622ADDBD800E71976 /* NSDate+F53OSCTimeTag.m in Sources */ = {isa = PBXBuildFile; fileRef = 1C52706D22ADDBD800E71976 /* NSDate+F53OSCTimeTag.m */; };
		1C52709722ADDBD800E71976 /* F53OSCTimeTag.m in Sources */ = {isa = PBXBuildFile; fileRef = 1C52707222ADDBD800E71976 /* F53OSCTimeTag.m */; };
		1C52709822ADDBD800E71976 /* NSData+F53OSCBlob.m in Sources */ = {isa = PBXBuildFile; fileRef = 1C52707322ADDBD800E71976 /* NSData+F53OSCBlob.m */; };
		1C52709922ADDBD800E71976 /* LICENSE.txt in Resources */ = {isa = PBXBuildFile; fileRef = 1C52707422ADDBD800E71976 /* LICENSE.txt */; };
		1C52709A22ADDBD800E71976 /* F53OSCParser.m in Sources */ = {isa = PBXBuildFile; fileRef = 1C52707522ADDBD800E71976 /* F53OSCParser.m */; };
		1C52709B22ADDBD800E71976 /* DDTTYLogger.m in Sources */ = {isa = PBXBuildFile; fileRef = 1C52707822ADDBD800E71976 /* DDTTYLogger.m */; };
		1C52709C22ADDBD800E71976 /* DDASLLogger.m in Sources */ = {isa = PBXBuildFile; fileRef = 1C52707B22ADDBD800E71976 /* DDASLLogger.m */; };
		1C52709D22ADDBD800E71976 /* DDContextFilterLogFormatter.m in Sources */ = {isa = PBXBuildFile; fileRef = 1C52707E22ADDBD800E71976 /* DDContextFilterLogFormatter.m */; };
		1C52709E22ADDBD800E71976 /* DDDispatchQueueLogFormatter.m in Sources */ = {isa = PBXBuildFile; fileRef = 1C52707F22ADDBD800E71976 /* DDDispatchQueueLogFormatter.m */; };
		1C52709F22ADDBD800E71976 /* DDMultiFormatter.m in Sources */ = {isa = PBXBuildFile; fileRef = 1C52708222ADDBD800E71976 /* DDMultiFormatter.m */; };
		1C5270A022ADDBD800E71976 /* README.txt in Resources */ = {isa = PBXBuildFile; fileRef = 1C52708422ADDBD800E71976 /* README.txt */; };
		1C5270A122ADDBD800E71976 /* DDLog.m in Sources */ = {isa = PBXBuildFile; fileRef = 1C52708522ADDBD800E71976 /* DDLog.m */; };
		1C5270A222ADDBD800E71976 /* DDAbstractDatabaseLogger.m in Sources */ = {isa = PBXBuildFile; fileRef = 1C52708822ADDBD800E71976 /* DDAbstractDatabaseLogger.m */; };
		1C5270A322ADDBD800E71976 /* DDFileLogger.m in Sources */ = {isa = PBXBuildFile; fileRef = 1C52708922ADDBD800E71976 /* DDFileLogger.m */; };
		1C5270A422ADDBD800E71976 /* F53OSCMessage.m in Sources */ = {isa = PBXBuildFile; fileRef = 1C52708C22ADDBD800E71976 /* F53OSCMessage.m */; };
		1C5270A522ADDBD800E71976 /* F53OSCBundle.m in Sources */ = {isa = PBXBuildFile; fileRef = 1C52708D22ADDBD800E71976 /* F53OSCBundle.m */; };
/* End PBXBuildFile section */

/* Begin PBXContainerItemProxy section */
		1C52703C22ADDB7700E71976 /* PBXContainerItemProxy */ = {
			isa = PBXContainerItemProxy;
			containerPortal = 1C52701F22ADDB7600E71976 /* Project object */;
			proxyType = 1;
			remoteGlobalIDString = 1C52702622ADDB7600E71976;
			remoteInfo = OSCSender;
		};
		1C52704722ADDB7700E71976 /* PBXContainerItemProxy */ = {
			isa = PBXContainerItemProxy;
			containerPortal = 1C52701F22ADDB7600E71976 /* Project object */;
			proxyType = 1;
			remoteGlobalIDString = 1C52702622ADDB7600E71976;
			remoteInfo = OSCSender;
		};
/* End PBXContainerItemProxy section */

/* Begin PBXFileReference section */
		1C52702722ADDB7600E71976 /* OSCSender.app */ = {isa = PBXFileReference; explicitFileType = wrapper.application; includeInIndex = 0; path = OSCSender.app; sourceTree = BUILT_PRODUCTS_DIR; };
		1C52702A22ADDB7600E71976 /* AppDelegate.swift */ = {isa = PBXFileReference; lastKnownFileType = sourcecode.swift; path = AppDelegate.swift; sourceTree = "<group>"; };
		1C52702C22ADDB7600E71976 /* ViewController.swift */ = {isa = PBXFileReference; lastKnownFileType = sourcecode.swift; path = ViewController.swift; sourceTree = "<group>"; };
		1C52702F22ADDB7600E71976 /* Base */ = {isa = PBXFileReference; lastKnownFileType = file.storyboard; name = Base; path = Base.lproj/Main.storyboard; sourceTree = "<group>"; };
		1C52703122ADDB7700E71976 /* Assets.xcassets */ = {isa = PBXFileReference; lastKnownFileType = folder.assetcatalog; path = Assets.xcassets; sourceTree = "<group>"; };
		1C52703422ADDB7700E71976 /* Base */ = {isa = PBXFileReference; lastKnownFileType = file.storyboard; name = Base; path = Base.lproj/LaunchScreen.storyboard; sourceTree = "<group>"; };
		1C52703622ADDB7700E71976 /* Info.plist */ = {isa = PBXFileReference; lastKnownFileType = text.plist.xml; path = Info.plist; sourceTree = "<group>"; };
		1C52703B22ADDB7700E71976 /* OSCSenderTests.xctest */ = {isa = PBXFileReference; explicitFileType = wrapper.cfbundle; includeInIndex = 0; path = OSCSenderTests.xctest; sourceTree = BUILT_PRODUCTS_DIR; };
		1C52703F22ADDB7700E71976 /* OSCSenderTests.swift */ = {isa = PBXFileReference; lastKnownFileType = sourcecode.swift; path = OSCSenderTests.swift; sourceTree = "<group>"; };
		1C52704122ADDB7700E71976 /* Info.plist */ = {isa = PBXFileReference; lastKnownFileType = text.plist.xml; path = Info.plist; sourceTree = "<group>"; };
		1C52704622ADDB7700E71976 /* OSCSenderUITests.xctest */ = {isa = PBXFileReference; explicitFileType = wrapper.cfbundle; includeInIndex = 0; path = OSCSenderUITests.xctest; sourceTree = BUILT_PRODUCTS_DIR; };
		1C52704A22ADDB7700E71976 /* OSCSenderUITests.swift */ = {isa = PBXFileReference; lastKnownFileType = sourcecode.swift; path = OSCSenderUITests.swift; sourceTree = "<group>"; };
		1C52704C22ADDB7700E71976 /* Info.plist */ = {isa = PBXFileReference; lastKnownFileType = text.plist.xml; path = Info.plist; sourceTree = "<group>"; };
		1C52705922ADDBD800E71976 /* F53OSCProtocols.h */ = {isa = PBXFileReference; fileEncoding = 4; lastKnownFileType = sourcecode.c.h; path = F53OSCProtocols.h; sourceTree = "<group>"; };
		1C52705A22ADDBD800E71976 /* F53OSCPacket.m */ = {isa = PBXFileReference; fileEncoding = 4; lastKnownFileType = sourcecode.c.objc; path = F53OSCPacket.m; sourceTree = "<group>"; };
		1C52705B22ADDBD800E71976 /* GCDAsyncUdpSocket.m */ = {isa = PBXFileReference; fileEncoding = 4; lastKnownFileType = sourcecode.c.objc; path = GCDAsyncUdpSocket.m; sourceTree = "<group>"; };
		1C52705C22ADDBD800E71976 /* NSString+F53OSCString.h */ = {isa = PBXFileReference; fileEncoding = 4; lastKnownFileType = sourcecode.c.h; path = "NSString+F53OSCString.h"; sourceTree = "<group>"; };
		1C52705D22ADDBD800E71976 /* NSDate+F53OSCTimeTag.h */ = {isa = PBXFileReference; fileEncoding = 4; lastKnownFileType = sourcecode.c.h; path = "NSDate+F53OSCTimeTag.h"; sourceTree = "<group>"; };
		1C52705E22ADDBD800E71976 /* GCDAsyncSocket.m */ = {isa = PBXFileReference; fileEncoding = 4; lastKnownFileType = sourcecode.c.objc; path = GCDAsyncSocket.m; sourceTree = "<group>"; };
		1C52705F22ADDBD800E71976 /* F53OSCFoundationAdditions.h */ = {isa = PBXFileReference; fileEncoding = 4; lastKnownFileType = sourcecode.c.h; path = F53OSCFoundationAdditions.h; sourceTree = "<group>"; };
		1C52706022ADDBD800E71976 /* F53OSCClient.h */ = {isa = PBXFileReference; fileEncoding = 4; lastKnownFileType = sourcecode.c.h; path = F53OSCClient.h; sourceTree = "<group>"; };
		1C52706122ADDBD800E71976 /* NSData+F53OSCBlob.h */ = {isa = PBXFileReference; fileEncoding = 4; lastKnownFileType = sourcecode.c.h; path = "NSData+F53OSCBlob.h"; sourceTree = "<group>"; };
		1C52706222ADDBD800E71976 /* F53OSCTimeTag.h */ = {isa = PBXFileReference; fileEncoding = 4; lastKnownFileType = sourcecode.c.h; path = F53OSCTimeTag.h; sourceTree = "<group>"; };
		1C52706322ADDBD800E71976 /* F53OSCServer.m */ = {isa = PBXFileReference; fileEncoding = 4; lastKnownFileType = sourcecode.c.objc; path = F53OSCServer.m; sourceTree = "<group>"; };
		1C52706422ADDBD800E71976 /* NSNumber+F53OSCNumber.m */ = {isa = PBXFileReference; fileEncoding = 4; lastKnownFileType = sourcecode.c.objc; path = "NSNumber+F53OSCNumber.m"; sourceTree = "<group>"; };
		1C52706522ADDBD800E71976 /* F53OSCSocket.m */ = {isa = PBXFileReference; fileEncoding = 4; lastKnownFileType = sourcecode.c.objc; path = F53OSCSocket.m; sourceTree = "<group>"; };
		1C52706622ADDBD800E71976 /* F53OSCMessage.h */ = {isa = PBXFileReference; fileEncoding = 4; lastKnownFileType = sourcecode.c.h; path = F53OSCMessage.h; sourceTree = "<group>"; };
		1C52706722ADDBD800E71976 /* F53OSCBundle.h */ = {isa = PBXFileReference; fileEncoding = 4; lastKnownFileType = sourcecode.c.h; path = F53OSCBundle.h; sourceTree = "<group>"; };
		1C52706822ADDBD800E71976 /* F53OSCParser.h */ = {isa = PBXFileReference; fileEncoding = 4; lastKnownFileType = sourcecode.c.h; path = F53OSCParser.h; sourceTree = "<group>"; };
		1C52706922ADDBD800E71976 /* NSString+F53OSCString.m */ = {isa = PBXFileReference; fileEncoding = 4; lastKnownFileType = sourcecode.c.objc; path = "NSString+F53OSCString.m"; sourceTree = "<group>"; };
		1C52706A22ADDBD800E71976 /* GCDAsyncUdpSocket.h */ = {isa = PBXFileReference; fileEncoding = 4; lastKnownFileType = sourcecode.c.h; path = GCDAsyncUdpSocket.h; sourceTree = "<group>"; };
		1C52706B22ADDBD800E71976 /* F53OSCPacket.h */ = {isa = PBXFileReference; fileEncoding = 4; lastKnownFileType = sourcecode.c.h; path = F53OSCPacket.h; sourceTree = "<group>"; };
		1C52706C22ADDBD800E71976 /* F53OSCClient.m */ = {isa = PBXFileReference; fileEncoding = 4; lastKnownFileType = sourcecode.c.objc; path = F53OSCClient.m; sourceTree = "<group>"; };
		1C52706D22ADDBD800E71976 /* NSDate+F53OSCTimeTag.m */ = {isa = PBXFileReference; fileEncoding = 4; lastKnownFileType = sourcecode.c.objc; path = "NSDate+F53OSCTimeTag.m"; sourceTree = "<group>"; };
		1C52706E22ADDBD800E71976 /* GCDAsyncSocket.h */ = {isa = PBXFileReference; fileEncoding = 4; lastKnownFileType = sourcecode.c.h; path = GCDAsyncSocket.h; sourceTree = "<group>"; };
		1C52706F22ADDBD800E71976 /* F53OSCSocket.h */ = {isa = PBXFileReference; fileEncoding = 4; lastKnownFileType = sourcecode.c.h; path = F53OSCSocket.h; sourceTree = "<group>"; };
		1C52707022ADDBD800E71976 /* NSNumber+F53OSCNumber.h */ = {isa = PBXFileReference; fileEncoding = 4; lastKnownFileType = sourcecode.c.h; path = "NSNumber+F53OSCNumber.h"; sourceTree = "<group>"; };
		1C52707122ADDBD800E71976 /* F53OSCServer.h */ = {isa = PBXFileReference; fileEncoding = 4; lastKnownFileType = sourcecode.c.h; path = F53OSCServer.h; sourceTree = "<group>"; };
		1C52707222ADDBD800E71976 /* F53OSCTimeTag.m */ = {isa = PBXFileReference; fileEncoding = 4; lastKnownFileType = sourcecode.c.objc; path = F53OSCTimeTag.m; sourceTree = "<group>"; };
		1C52707322ADDBD800E71976 /* NSData+F53OSCBlob.m */ = {isa = PBXFileReference; fileEncoding = 4; lastKnownFileType = sourcecode.c.objc; path = "NSData+F53OSCBlob.m"; sourceTree = "<group>"; };
		1C52707422ADDBD800E71976 /* LICENSE.txt */ = {isa = PBXFileReference; fileEncoding = 4; lastKnownFileType = text; path = LICENSE.txt; sourceTree = "<group>"; };
		1C52707522ADDBD800E71976 /* F53OSCParser.m */ = {isa = PBXFileReference; fileEncoding = 4; lastKnownFileType = sourcecode.c.objc; path = F53OSCParser.m; sourceTree = "<group>"; };
		1C52707822ADDBD800E71976 /* DDTTYLogger.m */ = {isa = PBXFileReference; fileEncoding = 4; lastKnownFileType = sourcecode.c.objc; path = DDTTYLogger.m; sourceTree = "<group>"; };
		1C52707922ADDBD800E71976 /* DDLog.h */ = {isa = PBXFileReference; fileEncoding = 4; lastKnownFileType = sourcecode.c.h; path = DDLog.h; sourceTree = "<group>"; };
		1C52707A22ADDBD800E71976 /* DDAbstractDatabaseLogger.h */ = {isa = PBXFileReference; fileEncoding = 4; lastKnownFileType = sourcecode.c.h; path = DDAbstractDatabaseLogger.h; sourceTree = "<group>"; };
		1C52707B22ADDBD800E71976 /* DDASLLogger.m */ = {isa = PBXFileReference; fileEncoding = 4; lastKnownFileType = sourcecode.c.objc; path = DDASLLogger.m; sourceTree = "<group>"; };
		1C52707C22ADDBD800E71976 /* DDFileLogger.h */ = {isa = PBXFileReference; fileEncoding = 4; lastKnownFileType = sourcecode.c.h; path = DDFileLogger.h; sourceTree = "<group>"; };
		1C52707E22ADDBD800E71976 /* DDContextFilterLogFormatter.m */ = {isa = PBXFileReference; fileEncoding = 4; lastKnownFileType = sourcecode.c.objc; path = DDContextFilterLogFormatter.m; sourceTree = "<group>"; };
		1C52707F22ADDBD800E71976 /* DDDispatchQueueLogFormatter.m */ = {isa = PBXFileReference; fileEncoding = 4; lastKnownFileType = sourcecode.c.objc; path = DDDispatchQueueLogFormatter.m; sourceTree = "<group>"; };
		1C52708022ADDBD800E71976 /* DDMultiFormatter.h */ = {isa = PBXFileReference; fileEncoding = 4; lastKnownFileType = sourcecode.c.h; path = DDMultiFormatter.h; sourceTree = "<group>"; };
		1C52708122ADDBD800E71976 /* DDContextFilterLogFormatter.h */ = {isa = PBXFileReference; fileEncoding = 4; lastKnownFileType = sourcecode.c.h; path = DDContextFilterLogFormatter.h; sourceTree = "<group>"; };
		1C52708222ADDBD800E71976 /* DDMultiFormatter.m */ = {isa = PBXFileReference; fileEncoding = 4; lastKnownFileType = sourcecode.c.objc; path = DDMultiFormatter.m; sourceTree = "<group>"; };
		1C52708322ADDBD800E71976 /* DDDispatchQueueLogFormatter.h */ = {isa = PBXFileReference; fileEncoding = 4; lastKnownFileType = sourcecode.c.h; path = DDDispatchQueueLogFormatter.h; sourceTree = "<group>"; };
		1C52708422ADDBD800E71976 /* README.txt */ = {isa = PBXFileReference; fileEncoding = 4; lastKnownFileType = text; path = README.txt; sourceTree = "<group>"; };
		1C52708522ADDBD800E71976 /* DDLog.m */ = {isa = PBXFileReference; fileEncoding = 4; lastKnownFileType = sourcecode.c.objc; path = DDLog.m; sourceTree = "<group>"; };
		1C52708622ADDBD800E71976 /* DDTTYLogger.h */ = {isa = PBXFileReference; fileEncoding = 4; lastKnownFileType = sourcecode.c.h; path = DDTTYLogger.h; sourceTree = "<group>"; };
		1C52708722ADDBD800E71976 /* DDLog+LOGV.h */ = {isa = PBXFileReference; fileEncoding = 4; lastKnownFileType = sourcecode.c.h; path = "DDLog+LOGV.h"; sourceTree = "<group>"; };
		1C52708822ADDBD800E71976 /* DDAbstractDatabaseLogger.m */ = {isa = PBXFileReference; fileEncoding = 4; lastKnownFileType = sourcecode.c.objc; path = DDAbstractDatabaseLogger.m; sourceTree = "<group>"; };
		1C52708922ADDBD800E71976 /* DDFileLogger.m */ = {isa = PBXFileReference; fileEncoding = 4; lastKnownFileType = sourcecode.c.objc; path = DDFileLogger.m; sourceTree = "<group>"; };
		1C52708A22ADDBD800E71976 /* DDASLLogger.h */ = {isa = PBXFileReference; fileEncoding = 4; lastKnownFileType = sourcecode.c.h; path = DDASLLogger.h; sourceTree = "<group>"; };
		1C52708B22ADDBD800E71976 /* F53OSC.h */ = {isa = PBXFileReference; fileEncoding = 4; lastKnownFileType = sourcecode.c.h; path = F53OSC.h; sourceTree = "<group>"; };
		1C52708C22ADDBD800E71976 /* F53OSCMessage.m */ = {isa = PBXFileReference; fileEncoding = 4; lastKnownFileType = sourcecode.c.objc; path = F53OSCMessage.m; sourceTree = "<group>"; };
		1C52708D22ADDBD800E71976 /* F53OSCBundle.m */ = {isa = PBXFileReference; fileEncoding = 4; lastKnownFileType = sourcecode.c.objc; path = F53OSCBundle.m; sourceTree = "<group>"; };
		1C5270A622ADDF2D00E71976 /* F53OSC-Bridging-Header.h */ = {isa = PBXFileReference; lastKnownFileType = sourcecode.c.h; path = "F53OSC-Bridging-Header.h"; sourceTree = "<group>"; };
/* End PBXFileReference section */

/* Begin PBXFrameworksBuildPhase section */
		1C52702422ADDB7600E71976 /* Frameworks */ = {
			isa = PBXFrameworksBuildPhase;
			buildActionMask = 2147483647;
			files = (
			);
			runOnlyForDeploymentPostprocessing = 0;
		};
		1C52703822ADDB7700E71976 /* Frameworks */ = {
			isa = PBXFrameworksBuildPhase;
			buildActionMask = 2147483647;
			files = (
			);
			runOnlyForDeploymentPostprocessing = 0;
		};
		1C52704322ADDB7700E71976 /* Frameworks */ = {
			isa = PBXFrameworksBuildPhase;
			buildActionMask = 2147483647;
			files = (
			);
			runOnlyForDeploymentPostprocessing = 0;
		};
/* End PBXFrameworksBuildPhase section */

/* Begin PBXGroup section */
		1C52701E22ADDB7600E71976 = {
			isa = PBXGroup;
			children = (
				1C52702922ADDB7600E71976 /* OSCSender */,
				1C52703E22ADDB7700E71976 /* OSCSenderTests */,
				1C52704922ADDB7700E71976 /* OSCSenderUITests */,
				1C52702822ADDB7600E71976 /* Products */,
			);
			sourceTree = "<group>";
		};
		1C52702822ADDB7600E71976 /* Products */ = {
			isa = PBXGroup;
			children = (
				1C52702722ADDB7600E71976 /* OSCSender.app */,
				1C52703B22ADDB7700E71976 /* OSCSenderTests.xctest */,
				1C52704622ADDB7700E71976 /* OSCSenderUITests.xctest */,
			);
			name = Products;
			sourceTree = "<group>";
		};
		1C52702922ADDB7600E71976 /* OSCSender */ = {
			isa = PBXGroup;
			children = (
				1C52705822ADDBD800E71976 /* F53OSC */,
				1C52702A22ADDB7600E71976 /* AppDelegate.swift */,
				1C52702C22ADDB7600E71976 /* ViewController.swift */,
				1C52702E22ADDB7600E71976 /* Main.storyboard */,
				1C52703122ADDB7700E71976 /* Assets.xcassets */,
				1C5270A622ADDF2D00E71976 /* F53OSC-Bridging-Header.h */,
				1C52703322ADDB7700E71976 /* LaunchScreen.storyboard */,
				1C52703622ADDB7700E71976 /* Info.plist */,
			);
			path = OSCSender;
			sourceTree = "<group>";
		};
		1C52703E22ADDB7700E71976 /* OSCSenderTests */ = {
			isa = PBXGroup;
			children = (
				1C52703F22ADDB7700E71976 /* OSCSenderTests.swift */,
				1C52704122ADDB7700E71976 /* Info.plist */,
			);
			path = OSCSenderTests;
			sourceTree = "<group>";
		};
		1C52704922ADDB7700E71976 /* OSCSenderUITests */ = {
			isa = PBXGroup;
			children = (
				1C52704A22ADDB7700E71976 /* OSCSenderUITests.swift */,
				1C52704C22ADDB7700E71976 /* Info.plist */,
			);
			path = OSCSenderUITests;
			sourceTree = "<group>";
		};
		1C52705822ADDBD800E71976 /* F53OSC */ = {
			isa = PBXGroup;
			children = (
				1C52705922ADDBD800E71976 /* F53OSCProtocols.h */,
				1C52705A22ADDBD800E71976 /* F53OSCPacket.m */,
				1C52705B22ADDBD800E71976 /* GCDAsyncUdpSocket.m */,
				1C52705C22ADDBD800E71976 /* NSString+F53OSCString.h */,
				1C52705D22ADDBD800E71976 /* NSDate+F53OSCTimeTag.h */,
				1C52705E22ADDBD800E71976 /* GCDAsyncSocket.m */,
				1C52705F22ADDBD800E71976 /* F53OSCFoundationAdditions.h */,
				1C52706022ADDBD800E71976 /* F53OSCClient.h */,
				1C52706122ADDBD800E71976 /* NSData+F53OSCBlob.h */,
				1C52706222ADDBD800E71976 /* F53OSCTimeTag.h */,
				1C52706322ADDBD800E71976 /* F53OSCServer.m */,
				1C52706422ADDBD800E71976 /* NSNumber+F53OSCNumber.m */,
				1C52706522ADDBD800E71976 /* F53OSCSocket.m */,
				1C52706622ADDBD800E71976 /* F53OSCMessage.h */,
				1C52706722ADDBD800E71976 /* F53OSCBundle.h */,
				1C52706822ADDBD800E71976 /* F53OSCParser.h */,
				1C52706922ADDBD800E71976 /* NSString+F53OSCString.m */,
				1C52706A22ADDBD800E71976 /* GCDAsyncUdpSocket.h */,
				1C52706B22ADDBD800E71976 /* F53OSCPacket.h */,
				1C52706C22ADDBD800E71976 /* F53OSCClient.m */,
				1C52706D22ADDBD800E71976 /* NSDate+F53OSCTimeTag.m */,
				1C52706E22ADDBD800E71976 /* GCDAsyncSocket.h */,
				1C52706F22ADDBD800E71976 /* F53OSCSocket.h */,
				1C52707022ADDBD800E71976 /* NSNumber+F53OSCNumber.h */,
				1C52707122ADDBD800E71976 /* F53OSCServer.h */,
				1C52707222ADDBD800E71976 /* F53OSCTimeTag.m */,
				1C52707322ADDBD800E71976 /* NSData+F53OSCBlob.m */,
				1C52707422ADDBD800E71976 /* LICENSE.txt */,
				1C52707522ADDBD800E71976 /* F53OSCParser.m */,
				1C52707622ADDBD800E71976 /* Vendor */,
				1C52708B22ADDBD800E71976 /* F53OSC.h */,
				1C52708C22ADDBD800E71976 /* F53OSCMessage.m */,
				1C52708D22ADDBD800E71976 /* F53OSCBundle.m */,
			);
			path = F53OSC;
			sourceTree = "<group>";
		};
		1C52707622ADDBD800E71976 /* Vendor */ = {
			isa = PBXGroup;
			children = (
				1C52707722ADDBD800E71976 /* CocoaLumberjack */,
			);
			path = Vendor;
			sourceTree = "<group>";
		};
		1C52707722ADDBD800E71976 /* CocoaLumberjack */ = {
			isa = PBXGroup;
			children = (
				1C52707822ADDBD800E71976 /* DDTTYLogger.m */,
				1C52707922ADDBD800E71976 /* DDLog.h */,
				1C52707A22ADDBD800E71976 /* DDAbstractDatabaseLogger.h */,
				1C52707B22ADDBD800E71976 /* DDASLLogger.m */,
				1C52707C22ADDBD800E71976 /* DDFileLogger.h */,
				1C52707D22ADDBD800E71976 /* Extensions */,
				1C52708522ADDBD800E71976 /* DDLog.m */,
				1C52708622ADDBD800E71976 /* DDTTYLogger.h */,
				1C52708722ADDBD800E71976 /* DDLog+LOGV.h */,
				1C52708822ADDBD800E71976 /* DDAbstractDatabaseLogger.m */,
				1C52708922ADDBD800E71976 /* DDFileLogger.m */,
				1C52708A22ADDBD800E71976 /* DDASLLogger.h */,
			);
			path = CocoaLumberjack;
			sourceTree = "<group>";
		};
		1C52707D22ADDBD800E71976 /* Extensions */ = {
			isa = PBXGroup;
			children = (
				1C52707E22ADDBD800E71976 /* DDContextFilterLogFormatter.m */,
				1C52707F22ADDBD800E71976 /* DDDispatchQueueLogFormatter.m */,
				1C52708022ADDBD800E71976 /* DDMultiFormatter.h */,
				1C52708122ADDBD800E71976 /* DDContextFilterLogFormatter.h */,
				1C52708222ADDBD800E71976 /* DDMultiFormatter.m */,
				1C52708322ADDBD800E71976 /* DDDispatchQueueLogFormatter.h */,
				1C52708422ADDBD800E71976 /* README.txt */,
			);
			path = Extensions;
			sourceTree = "<group>";
		};
/* End PBXGroup section */

/* Begin PBXNativeTarget section */
		1C52702622ADDB7600E71976 /* OSCSender */ = {
			isa = PBXNativeTarget;
			buildConfigurationList = 1C52704F22ADDB7700E71976 /* Build configuration list for PBXNativeTarget "OSCSender" */;
			buildPhases = (
				1C52702322ADDB7600E71976 /* Sources */,
				1C52702422ADDB7600E71976 /* Frameworks */,
				1C52702522ADDB7600E71976 /* Resources */,
			);
			buildRules = (
			);
			dependencies = (
			);
			name = OSCSender;
			productName = OSCSender;
			productReference = 1C52702722ADDB7600E71976 /* OSCSender.app */;
			productType = "com.apple.product-type.application";
		};
		1C52703A22ADDB7700E71976 /* OSCSenderTests */ = {
			isa = PBXNativeTarget;
			buildConfigurationList = 1C52705222ADDB7700E71976 /* Build configuration list for PBXNativeTarget "OSCSenderTests" */;
			buildPhases = (
				1C52703722ADDB7700E71976 /* Sources */,
				1C52703822ADDB7700E71976 /* Frameworks */,
				1C52703922ADDB7700E71976 /* Resources */,
			);
			buildRules = (
			);
			dependencies = (
				1C52703D22ADDB7700E71976 /* PBXTargetDependency */,
			);
			name = OSCSenderTests;
			productName = OSCSenderTests;
			productReference = 1C52703B22ADDB7700E71976 /* OSCSenderTests.xctest */;
			productType = "com.apple.product-type.bundle.unit-test";
		};
		1C52704522ADDB7700E71976 /* OSCSenderUITests */ = {
			isa = PBXNativeTarget;
			buildConfigurationList = 1C52705522ADDB7700E71976 /* Build configuration list for PBXNativeTarget "OSCSenderUITests" */;
			buildPhases = (
				1C52704222ADDB7700E71976 /* Sources */,
				1C52704322ADDB7700E71976 /* Frameworks */,
				1C52704422ADDB7700E71976 /* Resources */,
			);
			buildRules = (
			);
			dependencies = (
				1C52704822ADDB7700E71976 /* PBXTargetDependency */,
			);
			name = OSCSenderUITests;
			productName = OSCSenderUITests;
			productReference = 1C52704622ADDB7700E71976 /* OSCSenderUITests.xctest */;
			productType = "com.apple.product-type.bundle.ui-testing";
		};
/* End PBXNativeTarget section */

/* Begin PBXProject section */
		1C52701F22ADDB7600E71976 /* Project object */ = {
			isa = PBXProject;
			attributes = {
				LastSwiftUpdateCheck = 1020;
				LastUpgradeCheck = 1020;
				ORGANIZATIONNAME = massv;
				TargetAttributes = {
					1C52702622ADDB7600E71976 = {
						CreatedOnToolsVersion = 10.2.1;
					};
					1C52703A22ADDB7700E71976 = {
						CreatedOnToolsVersion = 10.2.1;
						TestTargetID = 1C52702622ADDB7600E71976;
					};
					1C52704522ADDB7700E71976 = {
						CreatedOnToolsVersion = 10.2.1;
						TestTargetID = 1C52702622ADDB7600E71976;
					};
				};
			};
			buildConfigurationList = 1C52702222ADDB7600E71976 /* Build configuration list for PBXProject "OSCSender" */;
			compatibilityVersion = "Xcode 9.3";
			developmentRegion = en;
			hasScannedForEncodings = 0;
			knownRegions = (
				en,
				Base,
			);
			mainGroup = 1C52701E22ADDB7600E71976;
			productRefGroup = 1C52702822ADDB7600E71976 /* Products */;
			projectDirPath = "";
			projectRoot = "";
			targets = (
				1C52702622ADDB7600E71976 /* OSCSender */,
				1C52703A22ADDB7700E71976 /* OSCSenderTests */,
				1C52704522ADDB7700E71976 /* OSCSenderUITests */,
			);
		};
/* End PBXProject section */

/* Begin PBXResourcesBuildPhase section */
		1C52702522ADDB7600E71976 /* Resources */ = {
			isa = PBXResourcesBuildPhase;
			buildActionMask = 2147483647;
			files = (
				1C52709922ADDBD800E71976 /* LICENSE.txt in Resources */,
				1C52703522ADDB7700E71976 /* LaunchScreen.storyboard in Resources */,
				1C52703222ADDB7700E71976 /* Assets.xcassets in Resources */,
				1C52703022ADDB7600E71976 /* Main.storyboard in Resources */,
				1C5270A022ADDBD800E71976 /* README.txt in Resources */,
			);
			runOnlyForDeploymentPostprocessing = 0;
		};
		1C52703922ADDB7700E71976 /* Resources */ = {
			isa = PBXResourcesBuildPhase;
			buildActionMask = 2147483647;
			files = (
			);
			runOnlyForDeploymentPostprocessing = 0;
		};
		1C52704422ADDB7700E71976 /* Resources */ = {
			isa = PBXResourcesBuildPhase;
			buildActionMask = 2147483647;
			files = (
			);
			runOnlyForDeploymentPostprocessing = 0;
		};
/* End PBXResourcesBuildPhase section */

/* Begin PBXSourcesBuildPhase section */
		1C52702322ADDB7600E71976 /* Sources */ = {
			isa = PBXSourcesBuildPhase;
			buildActionMask = 2147483647;
			files = (
				1C5270A422ADDBD800E71976 /* F53OSCMessage.m in Sources */,
				1C5270A122ADDBD800E71976 /* DDLog.m in Sources */,
				1C5270A322ADDBD800E71976 /* DDFileLogger.m in Sources */,
				1C52709D22ADDBD800E71976 /* DDContextFilterLogFormatter.m in Sources */,
				1C52709C22ADDBD800E71976 /* DDASLLogger.m in Sources */,
				1C52709722ADDBD800E71976 /* F53OSCTimeTag.m in Sources */,
				1C52709822ADDBD800E71976 /* NSData+F53OSCBlob.m in Sources */,
				1C52709F22ADDBD800E71976 /* DDMultiFormatter.m in Sources */,
				1C52708F22ADDBD800E71976 /* GCDAsyncUdpSocket.m in Sources */,
				1C52709422ADDBD800E71976 /* NSString+F53OSCString.m in Sources */,
				1C52709122ADDBD800E71976 /* F53OSCServer.m in Sources */,
				1C52709522ADDBD800E71976 /* F53OSCClient.m in Sources */,
				1C52709B22ADDBD800E71976 /* DDTTYLogger.m in Sources */,
				1C5270A222ADDBD800E71976 /* DDAbstractDatabaseLogger.m in Sources */,
				1C5270A522ADDBD800E71976 /* F53OSCBundle.m in Sources */,
				1C52709022ADDBD800E71976 /* GCDAsyncSocket.m in Sources */,
				1C52702D22ADDB7600E71976 /* ViewController.swift in Sources */,
				1C52709E22ADDBD800E71976 /* DDDispatchQueueLogFormatter.m in Sources */,
				1C52708E22ADDBD800E71976 /* F53OSCPacket.m in Sources */,
				1C52709322ADDBD800E71976 /* F53OSCSocket.m in Sources */,
				1C52709222ADDBD800E71976 /* NSNumber+F53OSCNumber.m in Sources */,
				1C52709622ADDBD800E71976 /* NSDate+F53OSCTimeTag.m in Sources */,
				1C52702B22ADDB7600E71976 /* AppDelegate.swift in Sources */,
				1C52709A22ADDBD800E71976 /* F53OSCParser.m in Sources */,
			);
			runOnlyForDeploymentPostprocessing = 0;
		};
		1C52703722ADDB7700E71976 /* Sources */ = {
			isa = PBXSourcesBuildPhase;
			buildActionMask = 2147483647;
			files = (
				1C52704022ADDB7700E71976 /* OSCSenderTests.swift in Sources */,
			);
			runOnlyForDeploymentPostprocessing = 0;
		};
		1C52704222ADDB7700E71976 /* Sources */ = {
			isa = PBXSourcesBuildPhase;
			buildActionMask = 2147483647;
			files = (
				1C52704B22ADDB7700E71976 /* OSCSenderUITests.swift in Sources */,
			);
			runOnlyForDeploymentPostprocessing = 0;
		};
/* End PBXSourcesBuildPhase section */

/* Begin PBXTargetDependency section */
		1C52703D22ADDB7700E71976 /* PBXTargetDependency */ = {
			isa = PBXTargetDependency;
			target = 1C52702622ADDB7600E71976 /* OSCSender */;
			targetProxy = 1C52703C22ADDB7700E71976 /* PBXContainerItemProxy */;
		};
		1C52704822ADDB7700E71976 /* PBXTargetDependency */ = {
			isa = PBXTargetDependency;
			target = 1C52702622ADDB7600E71976 /* OSCSender */;
			targetProxy = 1C52704722ADDB7700E71976 /* PBXContainerItemProxy */;
		};
/* End PBXTargetDependency section */

/* Begin PBXVariantGroup section */
		1C52702E22ADDB7600E71976 /* Main.storyboard */ = {
			isa = PBXVariantGroup;
			children = (
				1C52702F22ADDB7600E71976 /* Base */,
			);
			name = Main.storyboard;
			sourceTree = "<group>";
		};
		1C52703322ADDB7700E71976 /* LaunchScreen.storyboard */ = {
			isa = PBXVariantGroup;
			children = (
				1C52703422ADDB7700E71976 /* Base */,
			);
			name = LaunchScreen.storyboard;
			sourceTree = "<group>";
		};
/* End PBXVariantGroup section */

/* Begin XCBuildConfiguration section */
		1C52704D22ADDB7700E71976 /* Debug */ = {
			isa = XCBuildConfiguration;
			buildSettings = {
				ALWAYS_SEARCH_USER_PATHS = NO;
				CLANG_ANALYZER_NONNULL = YES;
				CLANG_ANALYZER_NUMBER_OBJECT_CONVERSION = YES_AGGRESSIVE;
				CLANG_CXX_LANGUAGE_STANDARD = "gnu++14";
				CLANG_CXX_LIBRARY = "libc++";
				CLANG_ENABLE_MODULES = YES;
				CLANG_ENABLE_OBJC_ARC = YES;
				CLANG_ENABLE_OBJC_WEAK = YES;
				CLANG_WARN_BLOCK_CAPTURE_AUTORELEASING = YES;
				CLANG_WARN_BOOL_CONVERSION = YES;
				CLANG_WARN_COMMA = YES;
				CLANG_WARN_CONSTANT_CONVERSION = YES;
				CLANG_WARN_DEPRECATED_OBJC_IMPLEMENTATIONS = YES;
				CLANG_WARN_DIRECT_OBJC_ISA_USAGE = YES_ERROR;
				CLANG_WARN_DOCUMENTATION_COMMENTS = YES;
				CLANG_WARN_EMPTY_BODY = YES;
				CLANG_WARN_ENUM_CONVERSION = YES;
				CLANG_WARN_INFINITE_RECURSION = YES;
				CLANG_WARN_INT_CONVERSION = YES;
				CLANG_WARN_NON_LITERAL_NULL_CONVERSION = YES;
				CLANG_WARN_OBJC_IMPLICIT_RETAIN_SELF = YES;
				CLANG_WARN_OBJC_LITERAL_CONVERSION = YES;
				CLANG_WARN_OBJC_ROOT_CLASS = YES_ERROR;
				CLANG_WARN_RANGE_LOOP_ANALYSIS = YES;
				CLANG_WARN_STRICT_PROTOTYPES = YES;
				CLANG_WARN_SUSPICIOUS_MOVE = YES;
				CLANG_WARN_UNGUARDED_AVAILABILITY = YES_AGGRESSIVE;
				CLANG_WARN_UNREACHABLE_CODE = YES;
				CLANG_WARN__DUPLICATE_METHOD_MATCH = YES;
				CODE_SIGN_IDENTITY = "iPhone Developer";
				COPY_PHASE_STRIP = NO;
				DEBUG_INFORMATION_FORMAT = dwarf;
				ENABLE_STRICT_OBJC_MSGSEND = YES;
				ENABLE_TESTABILITY = YES;
				GCC_C_LANGUAGE_STANDARD = gnu11;
				GCC_DYNAMIC_NO_PIC = NO;
				GCC_NO_COMMON_BLOCKS = YES;
				GCC_OPTIMIZATION_LEVEL = 0;
				GCC_PREPROCESSOR_DEFINITIONS = (
					"DEBUG=1",
					"$(inherited)",
				);
				GCC_WARN_64_TO_32_BIT_CONVERSION = YES;
				GCC_WARN_ABOUT_RETURN_TYPE = YES_ERROR;
				GCC_WARN_UNDECLARED_SELECTOR = YES;
				GCC_WARN_UNINITIALIZED_AUTOS = YES_AGGRESSIVE;
				GCC_WARN_UNUSED_FUNCTION = YES;
				GCC_WARN_UNUSED_VARIABLE = YES;
				IPHONEOS_DEPLOYMENT_TARGET = 12.2;
				MTL_ENABLE_DEBUG_INFO = INCLUDE_SOURCE;
				MTL_FAST_MATH = YES;
				ONLY_ACTIVE_ARCH = YES;
				SDKROOT = iphoneos;
				SWIFT_ACTIVE_COMPILATION_CONDITIONS = DEBUG;
				SWIFT_OPTIMIZATION_LEVEL = "-Onone";
			};
			name = Debug;
		};
		1C52704E22ADDB7700E71976 /* Release */ = {
			isa = XCBuildConfiguration;
			buildSettings = {
				ALWAYS_SEARCH_USER_PATHS = NO;
				CLANG_ANALYZER_NONNULL = YES;
				CLANG_ANALYZER_NUMBER_OBJECT_CONVERSION = YES_AGGRESSIVE;
				CLANG_CXX_LANGUAGE_STANDARD = "gnu++14";
				CLANG_CXX_LIBRARY = "libc++";
				CLANG_ENABLE_MODULES = YES;
				CLANG_ENABLE_OBJC_ARC = YES;
				CLANG_ENABLE_OBJC_WEAK = YES;
				CLANG_WARN_BLOCK_CAPTURE_AUTORELEASING = YES;
				CLANG_WARN_BOOL_CONVERSION = YES;
				CLANG_WARN_COMMA = YES;
				CLANG_WARN_CONSTANT_CONVERSION = YES;
				CLANG_WARN_DEPRECATED_OBJC_IMPLEMENTATIONS = YES;
				CLANG_WARN_DIRECT_OBJC_ISA_USAGE = YES_ERROR;
				CLANG_WARN_DOCUMENTATION_COMMENTS = YES;
				CLANG_WARN_EMPTY_BODY = YES;
				CLANG_WARN_ENUM_CONVERSION = YES;
				CLANG_WARN_INFINITE_RECURSION = YES;
				CLANG_WARN_INT_CONVERSION = YES;
				CLANG_WARN_NON_LITERAL_NULL_CONVERSION = YES;
				CLANG_WARN_OBJC_IMPLICIT_RETAIN_SELF = YES;
				CLANG_WARN_OBJC_LITERAL_CONVERSION = YES;
				CLANG_WARN_OBJC_ROOT_CLASS = YES_ERROR;
				CLANG_WARN_RANGE_LOOP_ANALYSIS = YES;
				CLANG_WARN_STRICT_PROTOTYPES = YES;
				CLANG_WARN_SUSPICIOUS_MOVE = YES;
				CLANG_WARN_UNGUARDED_AVAILABILITY = YES_AGGRESSIVE;
				CLANG_WARN_UNREACHABLE_CODE = YES;
				CLANG_WARN__DUPLICATE_METHOD_MATCH = YES;
				CODE_SIGN_IDENTITY = "iPhone Developer";
				COPY_PHASE_STRIP = NO;
				DEBUG_INFORMATION_FORMAT = "dwarf-with-dsym";
				ENABLE_NS_ASSERTIONS = NO;
				ENABLE_STRICT_OBJC_MSGSEND = YES;
				GCC_C_LANGUAGE_STANDARD = gnu11;
				GCC_NO_COMMON_BLOCKS = YES;
				GCC_WARN_64_TO_32_BIT_CONVERSION = YES;
				GCC_WARN_ABOUT_RETURN_TYPE = YES_ERROR;
				GCC_WARN_UNDECLARED_SELECTOR = YES;
				GCC_WARN_UNINITIALIZED_AUTOS = YES_AGGRESSIVE;
				GCC_WARN_UNUSED_FUNCTION = YES;
				GCC_WARN_UNUSED_VARIABLE = YES;
				IPHONEOS_DEPLOYMENT_TARGET = 12.2;
				MTL_ENABLE_DEBUG_INFO = NO;
				MTL_FAST_MATH = YES;
				SDKROOT = iphoneos;
				SWIFT_COMPILATION_MODE = wholemodule;
				SWIFT_OPTIMIZATION_LEVEL = "-O";
				VALIDATE_PRODUCT = YES;
			};
			name = Release;
		};
		1C52705022ADDB7700E71976 /* Debug */ = {
			isa = XCBuildConfiguration;
			buildSettings = {
				ASSETCATALOG_COMPILER_APPICON_NAME = AppIcon;
				CODE_SIGN_STYLE = Automatic;
				DEVELOPMENT_TEAM = SRQ7K7H3BR;
				INFOPLIST_FILE = OSCSender/Info.plist;
				LD_RUNPATH_SEARCH_PATHS = (
					"$(inherited)",
					"@executable_path/Frameworks",
				);
				PRODUCT_BUNDLE_IDENTIFIER = massv.OSCSender;
				PRODUCT_NAME = "$(TARGET_NAME)";
				SWIFT_OBJC_BRIDGING_HEADER = "OSCSender/F53OSC-Bridging-Header.h";
				SWIFT_VERSION = 5.0;
				TARGETED_DEVICE_FAMILY = "1,2";
			};
			name = Debug;
		};
		1C52705122ADDB7700E71976 /* Release */ = {
			isa = XCBuildConfiguration;
			buildSettings = {
				ASSETCATALOG_COMPILER_APPICON_NAME = AppIcon;
				CODE_SIGN_STYLE = Automatic;
				DEVELOPMENT_TEAM = SRQ7K7H3BR;
				INFOPLIST_FILE = OSCSender/Info.plist;
				LD_RUNPATH_SEARCH_PATHS = (
					"$(inherited)",
					"@executable_path/Frameworks",
				);
				PRODUCT_BUNDLE_IDENTIFIER = massv.OSCSender;
				PRODUCT_NAME = "$(TARGET_NAME)";
				SWIFT_OBJC_BRIDGING_HEADER = "OSCSender/F53OSC-Bridging-Header.h";
				SWIFT_VERSION = 5.0;
				TARGETED_DEVICE_FAMILY = "1,2";
			};
			name = Release;
		};
		1C52705322ADDB7700E71976 /* Debug */ = {
			isa = XCBuildConfiguration;
			buildSettings = {
				ALWAYS_EMBED_SWIFT_STANDARD_LIBRARIES = YES;
				BUNDLE_LOADER = "$(TEST_HOST)";
				CODE_SIGN_STYLE = Automatic;
				DEVELOPMENT_TEAM = SRQ7K7H3BR;
				INFOPLIST_FILE = OSCSenderTests/Info.plist;
				LD_RUNPATH_SEARCH_PATHS = (
					"$(inherited)",
					"@executable_path/Frameworks",
					"@loader_path/Frameworks",
				);
				PRODUCT_BUNDLE_IDENTIFIER = massv.OSCSenderTests;
				PRODUCT_NAME = "$(TARGET_NAME)";
				SWIFT_VERSION = 5.0;
				TARGETED_DEVICE_FAMILY = "1,2";
				TEST_HOST = "$(BUILT_PRODUCTS_DIR)/OSCSender.app/OSCSender";
			};
			name = Debug;
		};
		1C52705422ADDB7700E71976 /* Release */ = {
			isa = XCBuildConfiguration;
			buildSettings = {
				ALWAYS_EMBED_SWIFT_STANDARD_LIBRARIES = YES;
				BUNDLE_LOADER = "$(TEST_HOST)";
				CODE_SIGN_STYLE = Automatic;
				DEVELOPMENT_TEAM = SRQ7K7H3BR;
				INFOPLIST_FILE = OSCSenderTests/Info.plist;
				LD_RUNPATH_SEARCH_PATHS = (
					"$(inherited)",
					"@executable_path/Frameworks",
					"@loader_path/Frameworks",
				);
				PRODUCT_BUNDLE_IDENTIFIER = massv.OSCSenderTests;
				PRODUCT_NAME = "$(TARGET_NAME)";
				SWIFT_VERSION = 5.0;
				TARGETED_DEVICE_FAMILY = "1,2";
				TEST_HOST = "$(BUILT_PRODUCTS_DIR)/OSCSender.app/OSCSender";
			};
			name = Release;
		};
		1C52705622ADDB7700E71976 /* Debug */ = {
			isa = XCBuildConfiguration;
			buildSettings = {
				ALWAYS_EMBED_SWIFT_STANDARD_LIBRARIES = YES;
				CODE_SIGN_STYLE = Automatic;
				DEVELOPMENT_TEAM = SRQ7K7H3BR;
				INFOPLIST_FILE = OSCSenderUITests/Info.plist;
				LD_RUNPATH_SEARCH_PATHS = (
					"$(inherited)",
					"@executable_path/Frameworks",
					"@loader_path/Frameworks",
				);
				PRODUCT_BUNDLE_IDENTIFIER = massv.OSCSenderUITests;
				PRODUCT_NAME = "$(TARGET_NAME)";
				SWIFT_VERSION = 5.0;
				TARGETED_DEVICE_FAMILY = "1,2";
				TEST_TARGET_NAME = OSCSender;
			};
			name = Debug;
		};
		1C52705722ADDB7700E71976 /* Release */ = {
			isa = XCBuildConfiguration;
			buildSettings = {
				ALWAYS_EMBED_SWIFT_STANDARD_LIBRARIES = YES;
				CODE_SIGN_STYLE = Automatic;
				DEVELOPMENT_TEAM = SRQ7K7H3BR;
				INFOPLIST_FILE = OSCSenderUITests/Info.plist;
				LD_RUNPATH_SEARCH_PATHS = (
					"$(inherited)",
					"@executable_path/Frameworks",
					"@loader_path/Frameworks",
				);
				PRODUCT_BUNDLE_IDENTIFIER = massv.OSCSenderUITests;
				PRODUCT_NAME = "$(TARGET_NAME)";
				SWIFT_VERSION = 5.0;
				TARGETED_DEVICE_FAMILY = "1,2";
				TEST_TARGET_NAME = OSCSender;
			};
			name = Release;
		};
/* End XCBuildConfiguration section */

/* Begin XCConfigurationList section */
		1C52702222ADDB7600E71976 /* Build configuration list for PBXProject "OSCSender" */ = {
			isa = XCConfigurationList;
			buildConfigurations = (
				1C52704D22ADDB7700E71976 /* Debug */,
				1C52704E22ADDB7700E71976 /* Release */,
			);
			defaultConfigurationIsVisible = 0;
			defaultConfigurationName = Release;
		};
		1C52704F22ADDB7700E71976 /* Build configuration list for PBXNativeTarget "OSCSender" */ = {
			isa = XCConfigurationList;
			buildConfigurations = (
				1C52705022ADDB7700E71976 /* Debug */,
				1C52705122ADDB7700E71976 /* Release */,
			);
			defaultConfigurationIsVisible = 0;
			defaultConfigurationName = Release;
		};
		1C52705222ADDB7700E71976 /* Build configuration list for PBXNativeTarget "OSCSenderTests" */ = {
			isa = XCConfigurationList;
			buildConfigurations = (
				1C52705322ADDB7700E71976 /* Debug */,
				1C52705422ADDB7700E71976 /* Release */,
			);
			defaultConfigurationIsVisible = 0;
			defaultConfigurationName = Release;
		};
		1C52705522ADDB7700E71976 /* Build configuration list for PBXNativeTarget "OSCSenderUITests" */ = {
			isa = XCConfigurationList;
			buildConfigurations = (
				1C52705622ADDB7700E71976 /* Debug */,
				1C52705722ADDB7700E71976 /* Release */,
			);
			defaultConfigurationIsVisible = 0;
			defaultConfigurationName = Release;
		};
/* End XCConfigurationList section */
	};
	rootObject = 1C52701F22ADDB7600E71976 /* Project object */;
}
